// !$*UTF8*$!
{
	archiveVersion = 1;
	classes = {
	};
	objectVersion = 50;
	objects = {

/* Begin PBXBuildFile section */
		2E0C325520E1709400A6B998 /* RegisterViewController.swift in Sources */ = {isa = PBXBuildFile; fileRef = 2E0C325420E1709400A6B998 /* RegisterViewController.swift */; };
		2E0C325720E17DE800A6B998 /* ChatViewController.swift in Sources */ = {isa = PBXBuildFile; fileRef = 2E0C325620E17DE800A6B998 /* ChatViewController.swift */; };
		2E1F29B620EAE73000B6CF37 /* MessageCell.xib in Resources */ = {isa = PBXBuildFile; fileRef = 2E1F29B520EAE73000B6CF37 /* MessageCell.xib */; };
		2E1F29BA20EAE79100B6CF37 /* CustomMessageCell.swift in Sources */ = {isa = PBXBuildFile; fileRef = 2E1F29B920EAE79100B6CF37 /* CustomMessageCell.swift */; };
		2E55F37820E2DCD700A967CC /* LoginViewController.swift in Sources */ = {isa = PBXBuildFile; fileRef = 2E55F37720E2DCD700A967CC /* LoginViewController.swift */; };
		2E8B4E0F20E6AA93003510C6 /* Message.swift in Sources */ = {isa = PBXBuildFile; fileRef = 2E8B4E0D20E6AA93003510C6 /* Message.swift */; };
		2EE1834720E165D2003BAD84 /* AppDelegate.swift in Sources */ = {isa = PBXBuildFile; fileRef = 2EE1834620E165D2003BAD84 /* AppDelegate.swift */; };
		2EE1834920E165D2003BAD84 /* WelcomeViewController.swift in Sources */ = {isa = PBXBuildFile; fileRef = 2EE1834820E165D2003BAD84 /* WelcomeViewController.swift */; };
		2EE1834C20E165D2003BAD84 /* Main.storyboard in Resources */ = {isa = PBXBuildFile; fileRef = 2EE1834A20E165D2003BAD84 /* Main.storyboard */; };
		2EE1834E20E165D4003BAD84 /* Assets.xcassets in Resources */ = {isa = PBXBuildFile; fileRef = 2EE1834D20E165D4003BAD84 /* Assets.xcassets */; };
		2EE1835120E165D4003BAD84 /* LaunchScreen.storyboard in Resources */ = {isa = PBXBuildFile; fileRef = 2EE1834F20E165D4003BAD84 /* LaunchScreen.storyboard */; };
		2EF2296820EAE44F00651145 /* GoogleService-Info.plist in Resources */ = {isa = PBXBuildFile; fileRef = 2EF2296720EAE44F00651145 /* GoogleService-Info.plist */; };
		C320574A4A0E80C8E99DB6DA /* Pods_ChatApp.framework in Frameworks */ = {isa = PBXBuildFile; fileRef = A6EAB2830F98F9F665DF0B4C /* Pods_ChatApp.framework */; };
/* End PBXBuildFile section */

/* Begin PBXFileReference section */
		1BBCCD751F79314D11DF4366 /* Pods-ChatApp.debug.xcconfig */ = {isa = PBXFileReference; includeInIndex = 1; lastKnownFileType = text.xcconfig; name = "Pods-ChatApp.debug.xcconfig"; path = "Pods/Target Support Files/Pods-ChatApp/Pods-ChatApp.debug.xcconfig"; sourceTree = "<group>"; };
		2E0C325420E1709400A6B998 /* RegisterViewController.swift */ = {isa = PBXFileReference; lastKnownFileType = sourcecode.swift; path = RegisterViewController.swift; sourceTree = "<group>"; };
		2E0C325620E17DE800A6B998 /* ChatViewController.swift */ = {isa = PBXFileReference; lastKnownFileType = sourcecode.swift; path = ChatViewController.swift; sourceTree = "<group>"; };
		2E1F29B520EAE73000B6CF37 /* MessageCell.xib */ = {isa = PBXFileReference; fileEncoding = 4; lastKnownFileType = file.xib; path = MessageCell.xib; sourceTree = "<group>"; };
		2E1F29B920EAE79100B6CF37 /* CustomMessageCell.swift */ = {isa = PBXFileReference; lastKnownFileType = sourcecode.swift; path = CustomMessageCell.swift; sourceTree = "<group>"; };
		2E55F37720E2DCD700A967CC /* LoginViewController.swift */ = {isa = PBXFileReference; lastKnownFileType = sourcecode.swift; path = LoginViewController.swift; sourceTree = "<group>"; };
		2E8B4E0D20E6AA93003510C6 /* Message.swift */ = {isa = PBXFileReference; fileEncoding = 4; lastKnownFileType = sourcecode.swift; path = Message.swift; sourceTree = "<group>"; };
		2EE1834320E165D2003BAD84 /* ChatApp.app */ = {isa = PBXFileReference; explicitFileType = wrapper.application; includeInIndex = 0; path = ChatApp.app; sourceTree = BUILT_PRODUCTS_DIR; };
		2EE1834620E165D2003BAD84 /* AppDelegate.swift */ = {isa = PBXFileReference; lastKnownFileType = sourcecode.swift; path = AppDelegate.swift; sourceTree = "<group>"; };
		2EE1834820E165D2003BAD84 /* WelcomeViewController.swift */ = {isa = PBXFileReference; lastKnownFileType = sourcecode.swift; path = WelcomeViewController.swift; sourceTree = "<group>"; };
		2EE1834B20E165D2003BAD84 /* Base */ = {isa = PBXFileReference; lastKnownFileType = file.storyboard; name = Base; path = Base.lproj/Main.storyboard; sourceTree = "<group>"; };
		2EE1834D20E165D4003BAD84 /* Assets.xcassets */ = {isa = PBXFileReference; lastKnownFileType = folder.assetcatalog; path = Assets.xcassets; sourceTree = "<group>"; };
		2EE1835020E165D4003BAD84 /* Base */ = {isa = PBXFileReference; lastKnownFileType = file.storyboard; name = Base; path = Base.lproj/LaunchScreen.storyboard; sourceTree = "<group>"; };
		2EE1835220E165D4003BAD84 /* Info.plist */ = {isa = PBXFileReference; lastKnownFileType = text.plist.xml; path = Info.plist; sourceTree = "<group>"; };
		2EF2296720EAE44F00651145 /* GoogleService-Info.plist */ = {isa = PBXFileReference; fileEncoding = 4; lastKnownFileType = text.plist.xml; path = "GoogleService-Info.plist"; sourceTree = "<group>"; };
		354059049815C88857F7BA19 /* Pods-ChatApp.release.xcconfig */ = {isa = PBXFileReference; includeInIndex = 1; lastKnownFileType = text.xcconfig; name = "Pods-ChatApp.release.xcconfig"; path = "Pods/Target Support Files/Pods-ChatApp/Pods-ChatApp.release.xcconfig"; sourceTree = "<group>"; };
		A6EAB2830F98F9F665DF0B4C /* Pods_ChatApp.framework */ = {isa = PBXFileReference; explicitFileType = wrapper.framework; includeInIndex = 0; path = Pods_ChatApp.framework; sourceTree = BUILT_PRODUCTS_DIR; };
/* End PBXFileReference section */

/* Begin PBXFrameworksBuildPhase section */
		2EE1834020E165D2003BAD84 /* Frameworks */ = {
			isa = PBXFrameworksBuildPhase;
			buildActionMask = 2147483647;
			files = (
				C320574A4A0E80C8E99DB6DA /* Pods_ChatApp.framework in Frameworks */,
			);
			runOnlyForDeploymentPostprocessing = 0;
		};
/* End PBXFrameworksBuildPhase section */

/* Begin PBXGroup section */
		2EA8067020E67C9900C5E356 /* Customcell */ = {
			isa = PBXGroup;
			children = (
				2E1F29B520EAE73000B6CF37 /* MessageCell.xib */,
				2E1F29B920EAE79100B6CF37 /* CustomMessageCell.swift */,
			);
			path = Customcell;
			sourceTree = "<group>";
		};
		2EE1833A20E165D2003BAD84 = {
			isa = PBXGroup;
			children = (
				2EA8067020E67C9900C5E356 /* Customcell */,
				2EE1834520E165D2003BAD84 /* ChatApp */,
				2EE1834420E165D2003BAD84 /* Products */,
				9441B2F636B0364367718B8C /* Pods */,
				B63D6EE19EA70750FF1A1CE7 /* Frameworks */,
			);
			sourceTree = "<group>";
		};
		2EE1834420E165D2003BAD84 /* Products */ = {
			isa = PBXGroup;
			children = (
				2EE1834320E165D2003BAD84 /* ChatApp.app */,
			);
			name = Products;
			sourceTree = "<group>";
		};
		2EE1834520E165D2003BAD84 /* ChatApp */ = {
			isa = PBXGroup;
			children = (
				2E8B4E0D20E6AA93003510C6 /* Message.swift */,
				2E0C325620E17DE800A6B998 /* ChatViewController.swift */,
				2EE1834620E165D2003BAD84 /* AppDelegate.swift */,
				2EE1834820E165D2003BAD84 /* WelcomeViewController.swift */,
				2E0C325420E1709400A6B998 /* RegisterViewController.swift */,
				2E55F37720E2DCD700A967CC /* LoginViewController.swift */,
				2EE1834A20E165D2003BAD84 /* Main.storyboard */,
				2EE1834D20E165D4003BAD84 /* Assets.xcassets */,
				2EE1834F20E165D4003BAD84 /* LaunchScreen.storyboard */,
				2EE1835220E165D4003BAD84 /* Info.plist */,
				2EF2296720EAE44F00651145 /* GoogleService-Info.plist */,
			);
			path = ChatApp;
			sourceTree = "<group>";
		};
		9441B2F636B0364367718B8C /* Pods */ = {
			isa = PBXGroup;
			children = (
				1BBCCD751F79314D11DF4366 /* Pods-ChatApp.debug.xcconfig */,
				354059049815C88857F7BA19 /* Pods-ChatApp.release.xcconfig */,
			);
			name = Pods;
			sourceTree = "<group>";
		};
		B63D6EE19EA70750FF1A1CE7 /* Frameworks */ = {
			isa = PBXGroup;
			children = (
				A6EAB2830F98F9F665DF0B4C /* Pods_ChatApp.framework */,
			);
			name = Frameworks;
			sourceTree = "<group>";
		};
/* End PBXGroup section */

/* Begin PBXNativeTarget section */
		2EE1834220E165D2003BAD84 /* ChatApp */ = {
			isa = PBXNativeTarget;
			buildConfigurationList = 2EE1835520E165D4003BAD84 /* Build configuration list for PBXNativeTarget "ChatApp" */;
			buildPhases = (
				3B77328AAC49DB56B7986B31 /* [CP] Check Pods Manifest.lock */,
				2EE1833F20E165D2003BAD84 /* Sources */,
				2EE1834020E165D2003BAD84 /* Frameworks */,
				2EE1834120E165D2003BAD84 /* Resources */,
				7422ABBDCF8F0B107EE389E4 /* [CP] Embed Pods Frameworks */,
			);
			buildRules = (
			);
			dependencies = (
			);
			name = ChatApp;
			productName = ChatApp;
			productReference = 2EE1834320E165D2003BAD84 /* ChatApp.app */;
			productType = "com.apple.product-type.application";
		};
/* End PBXNativeTarget section */

/* Begin PBXProject section */
		2EE1833B20E165D2003BAD84 /* Project object */ = {
			isa = PBXProject;
			attributes = {
				LastSwiftUpdateCheck = 0930;
				LastUpgradeCheck = 0930;
				ORGANIZATIONNAME = "Stephen Selvaraj";
				TargetAttributes = {
					2EE1834220E165D2003BAD84 = {
						CreatedOnToolsVersion = 9.3;
					};
				};
			};
			buildConfigurationList = 2EE1833E20E165D2003BAD84 /* Build configuration list for PBXProject "ChatApp" */;
			compatibilityVersion = "Xcode 9.3";
			developmentRegion = en;
			hasScannedForEncodings = 0;
			knownRegions = (
				en,
				Base,
			);
			mainGroup = 2EE1833A20E165D2003BAD84;
			productRefGroup = 2EE1834420E165D2003BAD84 /* Products */;
			projectDirPath = "";
			projectRoot = "";
			targets = (
				2EE1834220E165D2003BAD84 /* ChatApp */,
			);
		};
/* End PBXProject section */

/* Begin PBXResourcesBuildPhase section */
		2EE1834120E165D2003BAD84 /* Resources */ = {
			isa = PBXResourcesBuildPhase;
			buildActionMask = 2147483647;
			files = (
				2E1F29B620EAE73000B6CF37 /* MessageCell.xib in Resources */,
				2EE1835120E165D4003BAD84 /* LaunchScreen.storyboard in Resources */,
				2EE1834E20E165D4003BAD84 /* Assets.xcassets in Resources */,
				2EE1834C20E165D2003BAD84 /* Main.storyboard in Resources */,
				2EF2296820EAE44F00651145 /* GoogleService-Info.plist in Resources */,
			);
			runOnlyForDeploymentPostprocessing = 0;
		};
/* End PBXResourcesBuildPhase section */

/* Begin PBXShellScriptBuildPhase section */
		3B77328AAC49DB56B7986B31 /* [CP] Check Pods Manifest.lock */ = {
			isa = PBXShellScriptBuildPhase;
			buildActionMask = 2147483647;
			files = (
			);
			inputPaths = (
				"${PODS_PODFILE_DIR_PATH}/Podfile.lock",
				"${PODS_ROOT}/Manifest.lock",
			);
			name = "[CP] Check Pods Manifest.lock";
			outputPaths = (
				"$(DERIVED_FILE_DIR)/Pods-ChatApp-checkManifestLockResult.txt",
			);
			runOnlyForDeploymentPostprocessing = 0;
			shellPath = /bin/sh;
			shellScript = "diff \"${PODS_PODFILE_DIR_PATH}/Podfile.lock\" \"${PODS_ROOT}/Manifest.lock\" > /dev/null\nif [ $? != 0 ] ; then\n    # print error to STDERR\n    echo \"error: The sandbox is not in sync with the Podfile.lock. Run 'pod install' or update your CocoaPods installation.\" >&2\n    exit 1\nfi\n# This output is used by Xcode 'outputs' to avoid re-running this script phase.\necho \"SUCCESS\" > \"${SCRIPT_OUTPUT_FILE_0}\"\n";
			showEnvVarsInLog = 0;
		};
		7422ABBDCF8F0B107EE389E4 /* [CP] Embed Pods Frameworks */ = {
			isa = PBXShellScriptBuildPhase;
			buildActionMask = 2147483647;
			files = (
			);
			inputPaths = (
				"${SRCROOT}/Pods/Target Support Files/Pods-ChatApp/Pods-ChatApp-frameworks.sh",
				"${BUILT_PRODUCTS_DIR}/ChameleonFramework/ChameleonFramework.framework",
				"${BUILT_PRODUCTS_DIR}/GTMSessionFetcher/GTMSessionFetcher.framework",
				"${BUILT_PRODUCTS_DIR}/GoogleToolboxForMac/GoogleToolboxForMac.framework",
				"${BUILT_PRODUCTS_DIR}/SVProgressHUD/SVProgressHUD.framework",
				"${BUILT_PRODUCTS_DIR}/leveldb-library/leveldb.framework",
				"${BUILT_PRODUCTS_DIR}/nanopb/nanopb.framework",
			);
			name = "[CP] Embed Pods Frameworks";
			outputPaths = (
				"${TARGET_BUILD_DIR}/${FRAMEWORKS_FOLDER_PATH}/ChameleonFramework.framework",
				"${TARGET_BUILD_DIR}/${FRAMEWORKS_FOLDER_PATH}/GTMSessionFetcher.framework",
				"${TARGET_BUILD_DIR}/${FRAMEWORKS_FOLDER_PATH}/GoogleToolboxForMac.framework",
				"${TARGET_BUILD_DIR}/${FRAMEWORKS_FOLDER_PATH}/SVProgressHUD.framework",
				"${TARGET_BUILD_DIR}/${FRAMEWORKS_FOLDER_PATH}/leveldb.framework",
				"${TARGET_BUILD_DIR}/${FRAMEWORKS_FOLDER_PATH}/nanopb.framework",
			);
			runOnlyForDeploymentPostprocessing = 0;
			shellPath = /bin/sh;
			shellScript = "\"${SRCROOT}/Pods/Target Support Files/Pods-ChatApp/Pods-ChatApp-frameworks.sh\"\n";
			showEnvVarsInLog = 0;
		};
/* End PBXShellScriptBuildPhase section */

/* Begin PBXSourcesBuildPhase section */
		2EE1833F20E165D2003BAD84 /* Sources */ = {
			isa = PBXSourcesBuildPhase;
			buildActionMask = 2147483647;
			files = (
				2E1F29BA20EAE79100B6CF37 /* CustomMessageCell.swift in Sources */,
				2E0C325520E1709400A6B998 /* RegisterViewController.swift in Sources */,
				2EE1834920E165D2003BAD84 /* WelcomeViewController.swift in Sources */,
				2E0C325720E17DE800A6B998 /* ChatViewController.swift in Sources */,
				2E55F37820E2DCD700A967CC /* LoginViewController.swift in Sources */,
				2EE1834720E165D2003BAD84 /* AppDelegate.swift in Sources */,
				2E8B4E0F20E6AA93003510C6 /* Message.swift in Sources */,
			);
			runOnlyForDeploymentPostprocessing = 0;
		};
/* End PBXSourcesBuildPhase section */

/* Begin PBXVariantGroup section */
		2EE1834A20E165D2003BAD84 /* Main.storyboard */ = {
			isa = PBXVariantGroup;
			children = (
				2EE1834B20E165D2003BAD84 /* Base */,
			);
			name = Main.storyboard;
			sourceTree = "<group>";
		};
		2EE1834F20E165D4003BAD84 /* LaunchScreen.storyboard */ = {
			isa = PBXVariantGroup;
			children = (
				2EE1835020E165D4003BAD84 /* Base */,
			);
			name = LaunchScreen.storyboard;
			sourceTree = "<group>";
		};
/* End PBXVariantGroup section */

/* Begin XCBuildConfiguration section */
		2EE1835320E165D4003BAD84 /* Debug */ = {
			isa = XCBuildConfiguration;
			buildSettings = {
				ALWAYS_SEARCH_USER_PATHS = NO;
				CLANG_ANALYZER_NONNULL = YES;
				CLANG_ANALYZER_NUMBER_OBJECT_CONVERSION = YES_AGGRESSIVE;
				CLANG_CXX_LANGUAGE_STANDARD = "gnu++14";
				CLANG_CXX_LIBRARY = "libc++";
				CLANG_ENABLE_MODULES = YES;
				CLANG_ENABLE_OBJC_ARC = YES;
				CLANG_ENABLE_OBJC_WEAK = YES;
				CLANG_WARN_BLOCK_CAPTURE_AUTORELEASING = YES;
				CLANG_WARN_BOOL_CONVERSION = YES;
				CLANG_WARN_COMMA = YES;
				CLANG_WARN_CONSTANT_CONVERSION = YES;
				CLANG_WARN_DEPRECATED_OBJC_IMPLEMENTATIONS = YES;
				CLANG_WARN_DIRECT_OBJC_ISA_USAGE = YES_ERROR;
				CLANG_WARN_DOCUMENTATION_COMMENTS = YES;
				CLANG_WARN_EMPTY_BODY = YES;
				CLANG_WARN_ENUM_CONVERSION = YES;
				CLANG_WARN_INFINITE_RECURSION = YES;
				CLANG_WARN_INT_CONVERSION = YES;
				CLANG_WARN_NON_LITERAL_NULL_CONVERSION = YES;
				CLANG_WARN_OBJC_IMPLICIT_RETAIN_SELF = YES;
				CLANG_WARN_OBJC_LITERAL_CONVERSION = YES;
				CLANG_WARN_OBJC_ROOT_CLASS = YES_ERROR;
				CLANG_WARN_RANGE_LOOP_ANALYSIS = YES;
				CLANG_WARN_STRICT_PROTOTYPES = YES;
				CLANG_WARN_SUSPICIOUS_MOVE = YES;
				CLANG_WARN_UNGUARDED_AVAILABILITY = YES_AGGRESSIVE;
				CLANG_WARN_UNREACHABLE_CODE = YES;
				CLANG_WARN__DUPLICATE_METHOD_MATCH = YES;
				CODE_SIGN_IDENTITY = "iPhone Developer";
				COPY_PHASE_STRIP = NO;
				DEBUG_INFORMATION_FORMAT = dwarf;
				ENABLE_STRICT_OBJC_MSGSEND = YES;
				ENABLE_TESTABILITY = YES;
				GCC_C_LANGUAGE_STANDARD = gnu11;
				GCC_DYNAMIC_NO_PIC = NO;
				GCC_NO_COMMON_BLOCKS = YES;
				GCC_OPTIMIZATION_LEVEL = 0;
				GCC_PREPROCESSOR_DEFINITIONS = (
					"DEBUG=1",
					"$(inherited)",
				);
				GCC_WARN_64_TO_32_BIT_CONVERSION = YES;
				GCC_WARN_ABOUT_RETURN_TYPE = YES_ERROR;
				GCC_WARN_UNDECLARED_SELECTOR = YES;
				GCC_WARN_UNINITIALIZED_AUTOS = YES_AGGRESSIVE;
				GCC_WARN_UNUSED_FUNCTION = YES;
				GCC_WARN_UNUSED_VARIABLE = YES;
				IPHONEOS_DEPLOYMENT_TARGET = 11.3;
				MTL_ENABLE_DEBUG_INFO = YES;
				ONLY_ACTIVE_ARCH = YES;
				SDKROOT = iphoneos;
				SWIFT_ACTIVE_COMPILATION_CONDITIONS = DEBUG;
				SWIFT_OPTIMIZATION_LEVEL = "-Onone";
			};
			name = Debug;
		};
		2EE1835420E165D4003BAD84 /* Release */ = {
			isa = XCBuildConfiguration;
			buildSettings = {
				ALWAYS_SEARCH_USER_PATHS = NO;
				CLANG_ANALYZER_NONNULL = YES;
				CLANG_ANALYZER_NUMBER_OBJECT_CONVERSION = YES_AGGRESSIVE;
				CLANG_CXX_LANGUAGE_STANDARD = "gnu++14";
				CLANG_CXX_LIBRARY = "libc++";
				CLANG_ENABLE_MODULES = YES;
				CLANG_ENABLE_OBJC_ARC = YES;
				CLANG_ENABLE_OBJC_WEAK = YES;
				CLANG_WARN_BLOCK_CAPTURE_AUTORELEASING = YES;
				CLANG_WARN_BOOL_CONVERSION = YES;
				CLANG_WARN_COMMA = YES;
				CLANG_WARN_CONSTANT_CONVERSION = YES;
				CLANG_WARN_DEPRECATED_OBJC_IMPLEMENTATIONS = YES;
				CLANG_WARN_DIRECT_OBJC_ISA_USAGE = YES_ERROR;
				CLANG_WARN_DOCUMENTATION_COMMENTS = YES;
				CLANG_WARN_EMPTY_BODY = YES;
				CLANG_WARN_ENUM_CONVERSION = YES;
				CLANG_WARN_INFINITE_RECURSION = YES;
				CLANG_WARN_INT_CONVERSION = YES;
				CLANG_WARN_NON_LITERAL_NULL_CONVERSION = YES;
				CLANG_WARN_OBJC_IMPLICIT_RETAIN_SELF = YES;
				CLANG_WARN_OBJC_LITERAL_CONVERSION = YES;
				CLANG_WARN_OBJC_ROOT_CLASS = YES_ERROR;
				CLANG_WARN_RANGE_LOOP_ANALYSIS = YES;
				CLANG_WARN_STRICT_PROTOTYPES = YES;
				CLANG_WARN_SUSPICIOUS_MOVE = YES;
				CLANG_WARN_UNGUARDED_AVAILABILITY = YES_AGGRESSIVE;
				CLANG_WARN_UNREACHABLE_CODE = YES;
				CLANG_WARN__DUPLICATE_METHOD_MATCH = YES;
				CODE_SIGN_IDENTITY = "iPhone Developer";
				COPY_PHASE_STRIP = NO;
				DEBUG_INFORMATION_FORMAT = "dwarf-with-dsym";
				ENABLE_NS_ASSERTIONS = NO;
				ENABLE_STRICT_OBJC_MSGSEND = YES;
				GCC_C_LANGUAGE_STANDARD = gnu11;
				GCC_NO_COMMON_BLOCKS = YES;
				GCC_WARN_64_TO_32_BIT_CONVERSION = YES;
				GCC_WARN_ABOUT_RETURN_TYPE = YES_ERROR;
				GCC_WARN_UNDECLARED_SELECTOR = YES;
				GCC_WARN_UNINITIALIZED_AUTOS = YES_AGGRESSIVE;
				GCC_WARN_UNUSED_FUNCTION = YES;
				GCC_WARN_UNUSED_VARIABLE = YES;
				IPHONEOS_DEPLOYMENT_TARGET = 11.3;
				MTL_ENABLE_DEBUG_INFO = NO;
				SDKROOT = iphoneos;
				SWIFT_COMPILATION_MODE = wholemodule;
				SWIFT_OPTIMIZATION_LEVEL = "-O";
				VALIDATE_PRODUCT = YES;
			};
			name = Release;
		};
		2EE1835620E165D4003BAD84 /* Debug */ = {
			isa = XCBuildConfiguration;
			baseConfigurationReference = 1BBCCD751F79314D11DF4366 /* Pods-ChatApp.debug.xcconfig */;
			buildSettings = {
				ASSETCATALOG_COMPILER_APPICON_NAME = AppIcon;
				CODE_SIGN_STYLE = Automatic;
				DEVELOPMENT_TEAM = D6SCLR896D;
				INFOPLIST_FILE = ChatApp/Info.plist;
				LD_RUNPATH_SEARCH_PATHS = (
					"$(inherited)",
					"@executable_path/Frameworks",
				);
				PRODUCT_BUNDLE_IDENTIFIER = com.selvst.ChatApp;
				PRODUCT_NAME = "$(TARGET_NAME)";
				SWIFT_VERSION = 4.0;
				TARGETED_DEVICE_FAMILY = "1,2";
			};
			name = Debug;
		};
		2EE1835720E165D4003BAD84 /* Release */ = {
			isa = XCBuildConfiguration;
			baseConfigurationReference = 354059049815C88857F7BA19 /* Pods-ChatApp.release.xcconfig */;
			buildSettings = {
				ASSETCATALOG_COMPILER_APPICON_NAME = AppIcon;
				CODE_SIGN_STYLE = Automatic;
				DEVELOPMENT_TEAM = D6SCLR896D;
				INFOPLIST_FILE = ChatApp/Info.plist;
				LD_RUNPATH_SEARCH_PATHS = (
					"$(inherited)",
					"@executable_path/Frameworks",
				);
				PRODUCT_BUNDLE_IDENTIFIER = com.selvst.ChatApp;
				PRODUCT_NAME = "$(TARGET_NAME)";
				SWIFT_VERSION = 4.0;
				TARGETED_DEVICE_FAMILY = "1,2";
			};
			name = Release;
		};
/* End XCBuildConfiguration section */

/* Begin XCConfigurationList section */
		2EE1833E20E165D2003BAD84 /* Build configuration list for PBXProject "ChatApp" */ = {
			isa = XCConfigurationList;
			buildConfigurations = (
				2EE1835320E165D4003BAD84 /* Debug */,
				2EE1835420E165D4003BAD84 /* Release */,
			);
			defaultConfigurationIsVisible = 0;
			defaultConfigurationName = Release;
		};
		2EE1835520E165D4003BAD84 /* Build configuration list for PBXNativeTarget "ChatApp" */ = {
			isa = XCConfigurationList;
			buildConfigurations = (
				2EE1835620E165D4003BAD84 /* Debug */,
				2EE1835720E165D4003BAD84 /* Release */,
			);
			defaultConfigurationIsVisible = 0;
			defaultConfigurationName = Release;
		};
/* End XCConfigurationList section */
	};
	rootObject = 2EE1833B20E165D2003BAD84 /* Project object */;
}
